<?xml version="1.0" encoding="utf-8"?>
<Project ToolsVersion="4.0" xmlns="http://schemas.microsoft.com/developer/msbuild/2003">
  <ItemGroup>
    <Filter Include="Common">
      <UniqueIdentifier>{e6010f2c-bbc2-4fbf-bbff-fad565f0d42e}</UniqueIdentifier>
    </Filter>
    <Filter Include="RenderSystem">
      <UniqueIdentifier>{cd79c29d-66cb-4604-bbe0-10a4feea0dc3}</UniqueIdentifier>
    </Filter>
    <Filter Include="Window">
      <UniqueIdentifier>{f37b98a1-d74c-45d2-bce2-b75b66c93347}</UniqueIdentifier>
    </Filter>
    <Filter Include="Geometry">
      <UniqueIdentifier>{302ca8cc-52c7-4055-97a8-501ba327ee94}</UniqueIdentifier>
    </Filter>
  </ItemGroup>
  <ItemGroup>
    <ClCompile Include="pch.cpp">
      <Filter>Common</Filter>
    </ClCompile>
    <ClCompile Include="SRGraphics.cpp">
      <Filter>Common</Filter>
    </ClCompile>
    <ClCompile Include="Window.cpp">
      <Filter>Window</Filter>
    </ClCompile>
    <ClCompile Include="Camera.cpp">
      <Filter>RenderSystem</Filter>
    </ClCompile>
    <ClCompile Include="Shader.cpp">
      <Filter>RenderSystem</Filter>
    </ClCompile>
    <ClCompile Include="Mesh.cpp">
      <Filter>Geometry</Filter>
    </ClCompile>
    <ClCompile Include="Render.cpp">
      <Filter>RenderSystem</Filter>
    </ClCompile>
  </ItemGroup>
  <ItemGroup>
    <ClInclude Include="pch.h">
      <Filter>Common</Filter>
    </ClInclude>
    <ClInclude Include="SRGraphics.h">
      <Filter>Common</Filter>
    </ClInclude>
    <ClInclude Include="Window.h">
      <Filter>Window</Filter>
    </ClInclude>
    <ClInclude Include="Camera.h">
      <Filter>RenderSystem</Filter>
    </ClInclude>
    <ClInclude Include="Shader.h">
      <Filter>RenderSystem</Filter>
    </ClInclude>
    <ClInclude Include="Mesh.h">
      <Filter>Geometry</Filter>
    </ClInclude>
    <ClInclude Include="Render.h">
      <Filter>RenderSystem</Filter>
    </ClInclude>
  </ItemGroup>
</Project>