<?xml version="1.0" encoding="utf-8"?>
<Project ToolsVersion="4.0" xmlns="http://schemas.microsoft.com/developer/msbuild/2003">
  <ItemGroup>
    <Filter Include="Common">
      <UniqueIdentifier>{e6010f2c-bbc2-4fbf-bbff-fad565f0d42e}</UniqueIdentifier>
    </Filter>
    <Filter Include="RenderSystem">
      <UniqueIdentifier>{cd79c29d-66cb-4604-bbe0-10a4feea0dc3}</UniqueIdentifier>
    </Filter>
    <Filter Include="Window">
      <UniqueIdentifier>{f37b98a1-d74c-45d2-bce2-b75b66c93347}</UniqueIdentifier>
    </Filter>
    <Filter Include="Resources">
      <UniqueIdentifier>{302ca8cc-52c7-4055-97a8-501ba327ee94}</UniqueIdentifier>
    </Filter>
    <Filter Include="Animation">
      <UniqueIdentifier>{afeaa005-4e99-4e37-9f6d-7b4122d65c1e}</UniqueIdentifier>
    </Filter>
    <Filter Include="RenderSystem\Lighting">
      <UniqueIdentifier>{8ab19ec9-e2f8-42c5-9785-c9d9ecbb8286}</UniqueIdentifier>
    </Filter>
    <Filter Include="Resources\Loaders">
      <UniqueIdentifier>{b2c59854-5632-4c63-9ff9-7f7c11591ade}</UniqueIdentifier>
    </Filter>
    <Filter Include="GameObject">
      <UniqueIdentifier>{8d49c4b9-c65d-4d6f-b14a-eef4c9063524}</UniqueIdentifier>
    </Filter>
    <Filter Include="RenderSystem\Shaders">
      <UniqueIdentifier>{1d61ecf4-65d4-45e3-a4df-6a3cabeea56a}</UniqueIdentifier>
    </Filter>
    <Filter Include="RenderSystem\GUI">
      <UniqueIdentifier>{ed8b597c-7aca-485d-9466-3d3f318424ab}</UniqueIdentifier>
    </Filter>
    <Filter Include="RenderSystem\GUI\imgui">
      <UniqueIdentifier>{6adef9f0-f83c-404f-844a-d5b5b0d304e9}</UniqueIdentifier>
    </Filter>
    <Filter Include="RenderSystem\GUI\src">
      <UniqueIdentifier>{6484e082-ef2e-4302-af4d-97d82d4af91d}</UniqueIdentifier>
    </Filter>
  </ItemGroup>
  <ItemGroup>
    <ClCompile Include="pch.cpp">
      <Filter>Common</Filter>
    </ClCompile>
    <ClCompile Include="SRGraphics.cpp">
      <Filter>Common</Filter>
    </ClCompile>
    <ClCompile Include="Window.cpp">
      <Filter>Window</Filter>
    </ClCompile>
    <ClCompile Include="Camera.cpp">
      <Filter>RenderSystem</Filter>
    </ClCompile>
    <ClCompile Include="Shader.cpp">
      <Filter>RenderSystem</Filter>
    </ClCompile>
    <ClCompile Include="Mesh.cpp">
      <Filter>Resources</Filter>
    </ClCompile>
    <ClCompile Include="Render.cpp">
      <Filter>RenderSystem</Filter>
    </ClCompile>
    <ClCompile Include="Skybox.cpp">
      <Filter>Resources</Filter>
    </ClCompile>
    <ClCompile Include="Material.cpp">
      <Filter>Resources</Filter>
    </ClCompile>
    <ClCompile Include="Texture.cpp">
      <Filter>Resources</Filter>
    </ClCompile>
    <ClCompile Include="Skeleton.cpp">
      <Filter>Animation</Filter>
    </ClCompile>
    <ClCompile Include="Animator.cpp">
      <Filter>Animation</Filter>
    </ClCompile>
    <ClCompile Include="ResourceManager.cpp">
      <Filter>Resources</Filter>
    </ClCompile>
    <ClCompile Include="Animation.cpp">
      <Filter>Animation</Filter>
    </ClCompile>
    <ClCompile Include="Light.cpp">
      <Filter>RenderSystem\Lighting</Filter>
    </ClCompile>
    <ClCompile Include="FbxLoader.cpp">
      <Filter>Resources\Loaders</Filter>
    </ClCompile>
    <ClCompile Include="ObjLoader.cpp">
      <Filter>Resources\Loaders</Filter>
    </ClCompile>
    <ClCompile Include="GameObject.cpp">
      <Filter>GameObject</Filter>
    </ClCompile>
    <ClCompile Include="Transform.cpp">
      <Filter>GameObject</Filter>
    </ClCompile>
    <ClCompile Include="Component.cpp">
      <Filter>GameObject</Filter>
    </ClCompile>
    <ClCompile Include="Video.cpp">
      <Filter>Resources</Filter>
    </ClCompile>
    <ClCompile Include="F:\Libraries\OpenGL\imgui\imgui.cpp">
      <Filter>RenderSystem\GUI\imgui</Filter>
    </ClCompile>
    <ClCompile Include="F:\Libraries\OpenGL\imgui\imgui_demo.cpp">
      <Filter>RenderSystem\GUI\imgui</Filter>
    </ClCompile>
    <ClCompile Include="F:\Libraries\OpenGL\imgui\imgui_draw.cpp">
      <Filter>RenderSystem\GUI\imgui</Filter>
    </ClCompile>
    <ClCompile Include="F:\Libraries\OpenGL\imgui\backends\imgui_impl_glfw.cpp">
      <Filter>RenderSystem\GUI\src</Filter>
    </ClCompile>
    <ClCompile Include="F:\Libraries\OpenGL\imgui\backends\imgui_impl_opengl3.cpp">
      <Filter>RenderSystem\GUI\src</Filter>
    </ClCompile>
    <ClCompile Include="F:\Libraries\OpenGL\imgui\imgui_widgets.cpp">
      <Filter>RenderSystem\GUI\imgui</Filter>
    </ClCompile>
  </ItemGroup>
  <ItemGroup>
    <ClInclude Include="pch.h">
      <Filter>Common</Filter>
    </ClInclude>
    <ClInclude Include="SRGraphics.h">
      <Filter>Common</Filter>
    </ClInclude>
    <ClInclude Include="Window.h">
      <Filter>Window</Filter>
    </ClInclude>
    <ClInclude Include="Camera.h">
      <Filter>RenderSystem</Filter>
    </ClInclude>
    <ClInclude Include="Shader.h">
      <Filter>RenderSystem</Filter>
    </ClInclude>
    <ClInclude Include="Mesh.h">
      <Filter>Resources</Filter>
    </ClInclude>
    <ClInclude Include="Render.h">
      <Filter>RenderSystem</Filter>
    </ClInclude>
    <ClInclude Include="Skybox.h">
      <Filter>Resources</Filter>
    </ClInclude>
    <ClInclude Include="Texture.h">
      <Filter>Resources</Filter>
    </ClInclude>
    <ClInclude Include="Material.h">
      <Filter>Resources</Filter>
    </ClInclude>
    <ClInclude Include="Skeleton.h">
      <Filter>Animation</Filter>
    </ClInclude>
    <ClInclude Include="WindowEvents.h">
      <Filter>Window</Filter>
    </ClInclude>
    <ClInclude Include="Animator.h">
      <Filter>Animation</Filter>
    </ClInclude>
    <ClInclude Include="ResourceManager.h">
      <Filter>Resources</Filter>
    </ClInclude>
    <ClInclude Include="Animation.h">
      <Filter>Animation</Filter>
    </ClInclude>
    <ClInclude Include="Light.h">
      <Filter>RenderSystem\Lighting</Filter>
    </ClInclude>
    <ClInclude Include="ObjLoader.h">
      <Filter>Resources\Loaders</Filter>
    </ClInclude>
    <ClInclude Include="FbxLoader.h">
      <Filter>Resources\Loaders</Filter>
    </ClInclude>
    <ClInclude Include="Transform.h">
      <Filter>GameObject</Filter>
    </ClInclude>
    <ClInclude Include="GameObject.h">
      <Filter>GameObject</Filter>
    </ClInclude>
    <ClInclude Include="Component.h">
      <Filter>GameObject</Filter>
    </ClInclude>
    <ClInclude Include="Video.h">
      <Filter>Resources</Filter>
    </ClInclude>
    <ClInclude Include="F:\Libraries\OpenGL\imgui\imconfig.h">
      <Filter>RenderSystem\GUI\imgui</Filter>
    </ClInclude>
    <ClInclude Include="F:\Libraries\OpenGL\imgui\imgui.h">
      <Filter>RenderSystem\GUI\imgui</Filter>
    </ClInclude>
    <ClInclude Include="F:\Libraries\OpenGL\imgui\imgui_internal.h">
      <Filter>RenderSystem\GUI\imgui</Filter>
    </ClInclude>
    <ClInclude Include="F:\Libraries\OpenGL\imgui\backends\imgui_impl_glfw.h">
      <Filter>RenderSystem\GUI\src</Filter>
    </ClInclude>
    <ClInclude Include="F:\Libraries\OpenGL\imgui\backends\imgui_impl_opengl3.h">
      <Filter>RenderSystem\GUI\src</Filter>
    </ClInclude>
  </ItemGroup>
  <ItemGroup>
    <None Include="..\Resources\Shaders\geometry_shader_vertex.glsl">
      <Filter>RenderSystem\Shaders</Filter>
    </None>
    <None Include="..\Resources\Shaders\geometry_shader_fragment.glsl">
      <Filter>RenderSystem\Shaders</Filter>
    </None>
  </ItemGroup>
</Project>